
Microsoft Visual Studio Solution File, Format Version 12.00
# Visual Studio 15
Project("{FAE04EC0-301F-11D3-BF4B-00C04F79EFBC}") = "Assembly-CSharp", "Assembly-CSharp.csproj", "{E4DFC8BD-91A2-36A5-2A34-33AA69DC3080}"
EndProject
Project("{FAE04EC0-301F-11D3-BF4B-00C04F79EFBC}") = "Boxophobic.Utils.Scripts", "Boxophobic.Utils.Scripts.csproj", "{19A74B5B-5508-EE4B-1757-54E7334795EB}"
EndProject
Project("{FAE04EC0-301F-11D3-BF4B-00C04F79EFBC}") = "Boxophobic.Utils.Editor", "Boxophobic.Utils.Editor.csproj", "{BF02CDCC-3BAE-9727-07E6-B9FE5301727B}"
EndProject
Project("{FAE04EC0-301F-11D3-BF4B-00C04F79EFBC}") = "Boxophobic.SkyboxCubemapExtended.Editor", "Boxophobic.SkyboxCubemapExtended.Editor.csproj", "{7F2EB883-8036-B8EF-A166-3DD284BA1CF7}"
EndProject
Global
	GlobalSection(SolutionConfigurationPlatforms) = preSolution
		Debug|Any CPU = Debug|Any CPU
		Release|Any CPU = Release|Any CPU
	EndGlobalSection
	GlobalSection(ProjectConfigurationPlatforms) = postSolution
		{E4DFC8BD-91A2-36A5-2A34-33AA69DC3080}.Debug|Any CPU.ActiveCfg = Debug|Any CPU
		{E4DFC8BD-91A2-36A5-2A34-33AA69DC3080}.Debug|Any CPU.Build.0 = Debug|Any CPU
		{E4DFC8BD-91A2-36A5-2A34-33AA69DC3080}.Release|Any CPU.ActiveCfg = Release|Any CPU
		{E4DFC8BD-91A2-36A5-2A34-33AA69DC3080}.Release|Any CPU.Build.0 = Release|Any CPU
		{19A74B5B-5508-EE4B-1757-54E7334795EB}.Debug|Any CPU.ActiveCfg = Debug|Any CPU
		{19A74B5B-5508-EE4B-1757-54E7334795EB}.Debug|Any CPU.Build.0 = Debug|Any CPU
		{19A74B5B-5508-EE4B-1757-54E7334795EB}.Release|Any CPU.ActiveCfg = Release|Any CPU
		{19A74B5B-5508-EE4B-1757-54E7334795EB}.Release|Any CPU.Build.0 = Release|Any CPU
		{BF02CDCC-3BAE-9727-07E6-B9FE5301727B}.Debug|Any CPU.ActiveCfg = Debug|Any CPU
		{BF02CDCC-3BAE-9727-07E6-B9FE5301727B}.Debug|Any CPU.Build.0 = Debug|Any CPU
		{BF02CDCC-3BAE-9727-07E6-B9FE5301727B}.Release|Any CPU.ActiveCfg = Release|Any CPU
		{BF02CDCC-3BAE-9727-07E6-B9FE5301727B}.Release|Any CPU.Build.0 = Release|Any CPU
		{7F2EB883-8036-B8EF-A166-3DD284BA1CF7}.Debug|Any CPU.ActiveCfg = Debug|Any CPU
		{7F2EB883-8036-B8EF-A166-3DD284BA1CF7}.Debug|Any CPU.Build.0 = Debug|Any CPU
		{7F2EB883-8036-B8EF-A166-3DD284BA1CF7}.Release|Any CPU.ActiveCfg = Release|Any CPU
		{7F2EB883-8036-B8EF-A166-3DD284BA1CF7}.Release|Any CPU.Build.0 = Release|Any CPU
	EndGlobalSection
	GlobalSection(SolutionProperties) = preSolution
		HideSolutionNode = FALSE
	EndGlobalSection
EndGlobal
